
Microsoft Visual Studio Solution File, Format Version 12.00
# Visual Studio 15
VisualStudioVersion = 15.0.27703.2047
MinimumVisualStudioVersion = 10.0.40219.1
Project("{FAE04EC0-301F-11D3-BF4B-00C04F79EFBC}") = "CSharp10.09", "CSharp10.09\CSharp10.09.csproj", "{3CDC7CD0-AE6C-4448-9533-470632AA4545}"
EndProject
Global
	GlobalSection(SolutionConfigurationPlatforms) = preSolution
		Debug|Any CPU = Debug|Any CPU
		Release|Any CPU = Release|Any CPU
	EndGlobalSection
	GlobalSection(ProjectConfigurationPlatforms) = postSolution
		{3CDC7CD0-AE6C-4448-9533-470632AA4545}.Debug|Any CPU.ActiveCfg = Debug|Any CPU
		{3CDC7CD0-AE6C-4448-9533-470632AA4545}.Debug|Any CPU.Build.0 = Debug|Any CPU
		{3CDC7CD0-AE6C-4448-9533-470632AA4545}.Release|Any CPU.ActiveCfg = Release|Any CPU
		{3CDC7CD0-AE6C-4448-9533-470632AA4545}.Release|Any CPU.Build.0 = Release|Any CPU
	EndGlobalSection
	GlobalSection(SolutionProperties) = preSolution
		HideSolutionNode = FALSE
	EndGlobalSection
	GlobalSection(ExtensibilityGlobals) = postSolution
		SolutionGuid = {BB1D1650-CE3D-42A7-99ED-89D047CD8FCC}
	EndGlobalSection
EndGlobal
